{
  "originHash" : "ac3088f83fc093d60ec2de41e3a0a8dc9a27bc99239f74e9dcd57a2ff950d7f2",
  "pins" : [
    {
      "identity" : "kingfisher",
      "kind" : "remoteSourceControl",
      "location" : "https://github.com/onevcat/Kingfisher",
      "state" : {
        "revision" : "b6256f191b4c1d8d09f4df94bae69e5ac6e42c81",
        "version" : "8.1.1"
      }
    },
    {
      "identity" : "vkid-ios-sdk",
      "kind" : "remoteSourceControl",
      "location" : "https://github.com/VKCOM/vkid-ios-sdk.git",
      "state" : {
        "revision" : "c400d2e1580382732cace97bb2267573977013cc",
        "version" : "2.3.0"
      }
    }
  ],
  "version" : 3
}
